
Microsoft Visual Studio Solution File, Format Version 12.00
# Visual Studio 14
VisualStudioVersion = 14.0.23107.0
MinimumVisualStudioVersion = 10.0.40219.1
Project("{FAE04EC0-301F-11D3-BF4B-00C04F79EFBC}") = "WebDataSource", "WebDataSource\WebDataSource.csproj", "{D627034E-6297-4464-948A-D9D19E9A54DC}"
EndProject
Project("{FAE04EC0-301F-11D3-BF4B-00C04F79EFBC}") = "WebDataSource.Test", "..\WebDataSource.Test\WebDataSource.Test.csproj", "{827C23B8-1860-4541-A3B4-84D48221858D}"
EndProject
Global
	GlobalSection(SolutionConfigurationPlatforms) = preSolution
		Debug|Any CPU = Debug|Any CPU
		Release|Any CPU = Release|Any CPU
	EndGlobalSection
	GlobalSection(ProjectConfigurationPlatforms) = postSolution
		{D627034E-6297-4464-948A-D9D19E9A54DC}.Debug|Any CPU.ActiveCfg = Debug|Any CPU
		{D627034E-6297-4464-948A-D9D19E9A54DC}.Debug|Any CPU.Build.0 = Debug|Any CPU
		{D627034E-6297-4464-948A-D9D19E9A54DC}.Release|Any CPU.ActiveCfg = Release|Any CPU
		{D627034E-6297-4464-948A-D9D19E9A54DC}.Release|Any CPU.Build.0 = Release|Any CPU
		{827C23B8-1860-4541-A3B4-84D48221858D}.Debug|Any CPU.ActiveCfg = Debug|Any CPU
		{827C23B8-1860-4541-A3B4-84D48221858D}.Debug|Any CPU.Build.0 = Debug|Any CPU
		{827C23B8-1860-4541-A3B4-84D48221858D}.Release|Any CPU.ActiveCfg = Release|Any CPU
		{827C23B8-1860-4541-A3B4-84D48221858D}.Release|Any CPU.Build.0 = Release|Any CPU
	EndGlobalSection
	GlobalSection(SolutionProperties) = preSolution
		HideSolutionNode = FALSE
	EndGlobalSection
EndGlobal
